
Microsoft Visual Studio Solution File, Format Version 12.00
# Visual Studio 2012
Project("{FAE04EC0-301F-11D3-BF4B-00C04F79EFBC}") = "mvCentral", "mvCentral\mvCentral.csproj", "{EECF8509-9C9C-4AA6-A4B4-898C9399FA5D}"
	ProjectSection(ProjectDependencies) = postProject
		{77C78161-3206-45FD-A419-60218F3354C0} = {77C78161-3206-45FD-A419-60218F3354C0}
		{14201B8D-31C3-4FB5-9356-9485676C147B} = {14201B8D-31C3-4FB5-9356-9485676C147B}
	EndProjectSection
EndProject
Project("{FAE04EC0-301F-11D3-BF4B-00C04F79EFBC}") = "Cornerstone.MP", "..\moving-pictures\Cornerstone.MP\Cornerstone.MP.csproj", "{77C78161-3206-45FD-A419-60218F3354C0}"
EndProject
Project("{FAE04EC0-301F-11D3-BF4B-00C04F79EFBC}") = "Core", "..\svnroot\mediaportal\trunk\MediaPortal\Core\Core.csproj", "{02FFFC1F-2555-4B99-8B01-3432D0673855}"
EndProject
Project("{FAE04EC0-301F-11D3-BF4B-00C04F79EFBC}") = "Databases", "..\svnroot\mediaportal\trunk\MediaPortal\Databases\Databases.csproj", "{C1BCEC3E-6074-4328-B5D9-391A457C8FFB}"
EndProject
Project("{FAE04EC0-301F-11D3-BF4B-00C04F79EFBC}") = "Dialogs", "..\svnroot\mediaportal\trunk\MediaPortal\Dialogs\Dialogs.csproj", "{396C5208-5D46-4A11-92C1-FD0F2F42D7DD}"
EndProject
Project("{FAE04EC0-301F-11D3-BF4B-00C04F79EFBC}") = "MediaPortal.Support", "..\svnroot\mediaportal\trunk\MediaPortal\MediaPortal.Support\MediaPortal.Support.csproj", "{BD4A3413-C9F9-4299-BB52-ED45027EE7CC}"
EndProject
Project("{FAE04EC0-301F-11D3-BF4B-00C04F79EFBC}") = "RemotePlugins", "..\svnroot\mediaportal\trunk\MediaPortal\RemotePlugins\RemotePlugins.csproj", "{0A234721-1F13-4DF8-9B1E-64D9E3111203}"
EndProject
Project("{FAE04EC0-301F-11D3-BF4B-00C04F79EFBC}") = "Utils", "..\svnroot\mediaportal\trunk\MediaPortal\Utils\Utils.csproj", "{6DA0E4DF-6230-4642-98B5-E690BB6942BB}"
EndProject
Project("{FAE04EC0-301F-11D3-BF4B-00C04F79EFBC}") = "DirectShowLib", "..\svnroot\mediaportal\trunk\Common-MP-TVE3\DirectShowLib\DirectShowLib.csproj", "{CE009BFA-5EF6-4153-B2A1-2FA79698A9AE}"
EndProject
Project("{FAE04EC0-301F-11D3-BF4B-00C04F79EFBC}") = "MP-TVSeries", "..\MPTVSeries\MP-TVSeries\MP-TVSeries.csproj", "{A983AA7A-DE3C-4587-9416-22373A35B721}"
EndProject
Project("{FAE04EC0-301F-11D3-BF4B-00C04F79EFBC}") = "Cornerstone", "..\moving-pictures\Cornerstone\Cornerstone.csproj", "{14201B8D-31C3-4FB5-9356-9485676C147B}"
EndProject
Project("{FAE04EC0-301F-11D3-BF4B-00C04F79EFBC}") = "FollwitApi", "..\moving-pictures\External\FollwitApi\FollwitApi.csproj", "{75EBA361-8137-4107-A5B5-753CE959983B}"
EndProject
Global
	GlobalSection(SolutionConfigurationPlatforms) = preSolution
		Debug|Any CPU = Debug|Any CPU
		Debug|Mixed Platforms = Debug|Mixed Platforms
		Debug|x86 = Debug|x86
		Release (Standalone)|Any CPU = Release (Standalone)|Any CPU
		Release (Standalone)|Mixed Platforms = Release (Standalone)|Mixed Platforms
		Release (Standalone)|x86 = Release (Standalone)|x86
		Release|Any CPU = Release|Any CPU
		Release|Mixed Platforms = Release|Mixed Platforms
		Release|x86 = Release|x86
		UseCaptureCardDefinitions|Any CPU = UseCaptureCardDefinitions|Any CPU
		UseCaptureCardDefinitions|Mixed Platforms = UseCaptureCardDefinitions|Mixed Platforms
		UseCaptureCardDefinitions|x86 = UseCaptureCardDefinitions|x86
		UseCaptureDefintionsRelease|Any CPU = UseCaptureDefintionsRelease|Any CPU
		UseCaptureDefintionsRelease|Mixed Platforms = UseCaptureDefintionsRelease|Mixed Platforms
		UseCaptureDefintionsRelease|x86 = UseCaptureDefintionsRelease|x86
	EndGlobalSection
	GlobalSection(ProjectConfigurationPlatforms) = postSolution
		{EECF8509-9C9C-4AA6-A4B4-898C9399FA5D}.Debug|Any CPU.ActiveCfg = Debug|x86
		{EECF8509-9C9C-4AA6-A4B4-898C9399FA5D}.Debug|Any CPU.Build.0 = Debug|x86
		{EECF8509-9C9C-4AA6-A4B4-898C9399FA5D}.Debug|Mixed Platforms.ActiveCfg = Debug|x86
		{EECF8509-9C9C-4AA6-A4B4-898C9399FA5D}.Debug|Mixed Platforms.Build.0 = Debug|x86
		{EECF8509-9C9C-4AA6-A4B4-898C9399FA5D}.Debug|x86.ActiveCfg = Debug|Any CPU
		{EECF8509-9C9C-4AA6-A4B4-898C9399FA5D}.Release (Standalone)|Any CPU.ActiveCfg = Release|Any CPU
		{EECF8509-9C9C-4AA6-A4B4-898C9399FA5D}.Release (Standalone)|Any CPU.Build.0 = Release|Any CPU
		{EECF8509-9C9C-4AA6-A4B4-898C9399FA5D}.Release (Standalone)|Mixed Platforms.ActiveCfg = Release|x86
		{EECF8509-9C9C-4AA6-A4B4-898C9399FA5D}.Release (Standalone)|Mixed Platforms.Build.0 = Release|x86
		{EECF8509-9C9C-4AA6-A4B4-898C9399FA5D}.Release (Standalone)|x86.ActiveCfg = Release|Any CPU
		{EECF8509-9C9C-4AA6-A4B4-898C9399FA5D}.Release|Any CPU.ActiveCfg = Release|Any CPU
		{EECF8509-9C9C-4AA6-A4B4-898C9399FA5D}.Release|Any CPU.Build.0 = Release|Any CPU
		{EECF8509-9C9C-4AA6-A4B4-898C9399FA5D}.Release|Mixed Platforms.ActiveCfg = Release|x86
		{EECF8509-9C9C-4AA6-A4B4-898C9399FA5D}.Release|Mixed Platforms.Build.0 = Release|x86
		{EECF8509-9C9C-4AA6-A4B4-898C9399FA5D}.Release|x86.ActiveCfg = Release|x86
		{EECF8509-9C9C-4AA6-A4B4-898C9399FA5D}.Release|x86.Build.0 = Release|x86
		{EECF8509-9C9C-4AA6-A4B4-898C9399FA5D}.UseCaptureCardDefinitions|Any CPU.ActiveCfg = Release|Any CPU
		{EECF8509-9C9C-4AA6-A4B4-898C9399FA5D}.UseCaptureCardDefinitions|Any CPU.Build.0 = Release|Any CPU
		{EECF8509-9C9C-4AA6-A4B4-898C9399FA5D}.UseCaptureCardDefinitions|Mixed Platforms.ActiveCfg = Release|x86
		{EECF8509-9C9C-4AA6-A4B4-898C9399FA5D}.UseCaptureCardDefinitions|Mixed Platforms.Build.0 = Release|x86
		{EECF8509-9C9C-4AA6-A4B4-898C9399FA5D}.UseCaptureCardDefinitions|x86.ActiveCfg = Release|Any CPU
		{EECF8509-9C9C-4AA6-A4B4-898C9399FA5D}.UseCaptureDefintionsRelease|Any CPU.ActiveCfg = Release|Any CPU
		{EECF8509-9C9C-4AA6-A4B4-898C9399FA5D}.UseCaptureDefintionsRelease|Any CPU.Build.0 = Release|Any CPU
		{EECF8509-9C9C-4AA6-A4B4-898C9399FA5D}.UseCaptureDefintionsRelease|Mixed Platforms.ActiveCfg = Release|x86
		{EECF8509-9C9C-4AA6-A4B4-898C9399FA5D}.UseCaptureDefintionsRelease|Mixed Platforms.Build.0 = Release|x86
		{EECF8509-9C9C-4AA6-A4B4-898C9399FA5D}.UseCaptureDefintionsRelease|x86.ActiveCfg = Release|Any CPU
		{77C78161-3206-45FD-A419-60218F3354C0}.Debug|Any CPU.ActiveCfg = Debug|Any CPU
		{77C78161-3206-45FD-A419-60218F3354C0}.Debug|Mixed Platforms.ActiveCfg = Debug|x86
		{77C78161-3206-45FD-A419-60218F3354C0}.Debug|Mixed Platforms.Build.0 = Debug|x86
		{77C78161-3206-45FD-A419-60218F3354C0}.Debug|x86.ActiveCfg = Debug|Any CPU
		{77C78161-3206-45FD-A419-60218F3354C0}.Release (Standalone)|Any CPU.ActiveCfg = Release|Any CPU
		{77C78161-3206-45FD-A419-60218F3354C0}.Release (Standalone)|Any CPU.Build.0 = Release|Any CPU
		{77C78161-3206-45FD-A419-60218F3354C0}.Release (Standalone)|Mixed Platforms.ActiveCfg = Release|x86
		{77C78161-3206-45FD-A419-60218F3354C0}.Release (Standalone)|Mixed Platforms.Build.0 = Release|x86
		{77C78161-3206-45FD-A419-60218F3354C0}.Release (Standalone)|x86.ActiveCfg = Release|Any CPU
		{77C78161-3206-45FD-A419-60218F3354C0}.Release|Any CPU.ActiveCfg = Release|Any CPU
		{77C78161-3206-45FD-A419-60218F3354C0}.Release|Mixed Platforms.ActiveCfg = Release|x86
		{77C78161-3206-45FD-A419-60218F3354C0}.Release|Mixed Platforms.Build.0 = Release|x86
		{77C78161-3206-45FD-A419-60218F3354C0}.Release|x86.ActiveCfg = Release|x86
		{77C78161-3206-45FD-A419-60218F3354C0}.UseCaptureCardDefinitions|Any CPU.ActiveCfg = Release|Any CPU
		{77C78161-3206-45FD-A419-60218F3354C0}.UseCaptureCardDefinitions|Any CPU.Build.0 = Release|Any CPU
		{77C78161-3206-45FD-A419-60218F3354C0}.UseCaptureCardDefinitions|Mixed Platforms.ActiveCfg = Release|x86
		{77C78161-3206-45FD-A419-60218F3354C0}.UseCaptureCardDefinitions|Mixed Platforms.Build.0 = Release|x86
		{77C78161-3206-45FD-A419-60218F3354C0}.UseCaptureCardDefinitions|x86.ActiveCfg = Release|Any CPU
		{77C78161-3206-45FD-A419-60218F3354C0}.UseCaptureDefintionsRelease|Any CPU.ActiveCfg = Release|Any CPU
		{77C78161-3206-45FD-A419-60218F3354C0}.UseCaptureDefintionsRelease|Any CPU.Build.0 = Release|Any CPU
		{77C78161-3206-45FD-A419-60218F3354C0}.UseCaptureDefintionsRelease|Mixed Platforms.ActiveCfg = Release|x86
		{77C78161-3206-45FD-A419-60218F3354C0}.UseCaptureDefintionsRelease|Mixed Platforms.Build.0 = Release|x86
		{77C78161-3206-45FD-A419-60218F3354C0}.UseCaptureDefintionsRelease|x86.ActiveCfg = Release|Any CPU
		{02FFFC1F-2555-4B99-8B01-3432D0673855}.Debug|Any CPU.ActiveCfg = Debug|Any CPU
		{02FFFC1F-2555-4B99-8B01-3432D0673855}.Debug|Mixed Platforms.ActiveCfg = Debug|x86
		{02FFFC1F-2555-4B99-8B01-3432D0673855}.Debug|Mixed Platforms.Build.0 = Debug|x86
		{02FFFC1F-2555-4B99-8B01-3432D0673855}.Debug|x86.ActiveCfg = Debug|x86
		{02FFFC1F-2555-4B99-8B01-3432D0673855}.Debug|x86.Build.0 = Debug|x86
		{02FFFC1F-2555-4B99-8B01-3432D0673855}.Release (Standalone)|Any CPU.ActiveCfg = Release (Standalone)|Any CPU
		{02FFFC1F-2555-4B99-8B01-3432D0673855}.Release (Standalone)|Any CPU.Build.0 = Release (Standalone)|Any CPU
		{02FFFC1F-2555-4B99-8B01-3432D0673855}.Release (Standalone)|Mixed Platforms.ActiveCfg = Release (Standalone)|x86
		{02FFFC1F-2555-4B99-8B01-3432D0673855}.Release (Standalone)|Mixed Platforms.Build.0 = Release (Standalone)|x86
		{02FFFC1F-2555-4B99-8B01-3432D0673855}.Release (Standalone)|x86.ActiveCfg = Release (Standalone)|x86
		{02FFFC1F-2555-4B99-8B01-3432D0673855}.Release (Standalone)|x86.Build.0 = Release (Standalone)|x86
		{02FFFC1F-2555-4B99-8B01-3432D0673855}.Release|Any CPU.ActiveCfg = Release|Any CPU
		{02FFFC1F-2555-4B99-8B01-3432D0673855}.Release|Mixed Platforms.ActiveCfg = Release|x86
		{02FFFC1F-2555-4B99-8B01-3432D0673855}.Release|Mixed Platforms.Build.0 = Release|x86
		{02FFFC1F-2555-4B99-8B01-3432D0673855}.Release|x86.ActiveCfg = Release|x86
		{02FFFC1F-2555-4B99-8B01-3432D0673855}.UseCaptureCardDefinitions|Any CPU.ActiveCfg = UseCaptureCardDefinitions|Any CPU
		{02FFFC1F-2555-4B99-8B01-3432D0673855}.UseCaptureCardDefinitions|Any CPU.Build.0 = UseCaptureCardDefinitions|Any CPU
		{02FFFC1F-2555-4B99-8B01-3432D0673855}.UseCaptureCardDefinitions|Mixed Platforms.ActiveCfg = UseCaptureCardDefinitions|x86
		{02FFFC1F-2555-4B99-8B01-3432D0673855}.UseCaptureCardDefinitions|Mixed Platforms.Build.0 = UseCaptureCardDefinitions|x86
		{02FFFC1F-2555-4B99-8B01-3432D0673855}.UseCaptureCardDefinitions|x86.ActiveCfg = UseCaptureCardDefinitions|x86
		{02FFFC1F-2555-4B99-8B01-3432D0673855}.UseCaptureCardDefinitions|x86.Build.0 = UseCaptureCardDefinitions|x86
		{02FFFC1F-2555-4B99-8B01-3432D0673855}.UseCaptureDefintionsRelease|Any CPU.ActiveCfg = UseCaptureDefintionsRelease|Any CPU
		{02FFFC1F-2555-4B99-8B01-3432D0673855}.UseCaptureDefintionsRelease|Any CPU.Build.0 = UseCaptureDefintionsRelease|Any CPU
		{02FFFC1F-2555-4B99-8B01-3432D0673855}.UseCaptureDefintionsRelease|Mixed Platforms.ActiveCfg = UseCaptureDefintionsRelease|x86
		{02FFFC1F-2555-4B99-8B01-3432D0673855}.UseCaptureDefintionsRelease|Mixed Platforms.Build.0 = UseCaptureDefintionsRelease|x86
		{02FFFC1F-2555-4B99-8B01-3432D0673855}.UseCaptureDefintionsRelease|x86.ActiveCfg = UseCaptureDefintionsRelease|x86
		{02FFFC1F-2555-4B99-8B01-3432D0673855}.UseCaptureDefintionsRelease|x86.Build.0 = UseCaptureDefintionsRelease|x86
		{C1BCEC3E-6074-4328-B5D9-391A457C8FFB}.Debug|Any CPU.ActiveCfg = Debug|Any CPU
		{C1BCEC3E-6074-4328-B5D9-391A457C8FFB}.Debug|Mixed Platforms.ActiveCfg = Debug|x86
		{C1BCEC3E-6074-4328-B5D9-391A457C8FFB}.Debug|Mixed Platforms.Build.0 = Debug|x86
		{C1BCEC3E-6074-4328-B5D9-391A457C8FFB}.Debug|x86.ActiveCfg = Debug|x86
		{C1BCEC3E-6074-4328-B5D9-391A457C8FFB}.Debug|x86.Build.0 = Debug|x86
		{C1BCEC3E-6074-4328-B5D9-391A457C8FFB}.Release (Standalone)|Any CPU.ActiveCfg = Release|x86
		{C1BCEC3E-6074-4328-B5D9-391A457C8FFB}.Release (Standalone)|Mixed Platforms.ActiveCfg = Release|x86
		{C1BCEC3E-6074-4328-B5D9-391A457C8FFB}.Release (Standalone)|Mixed Platforms.Build.0 = Release|x86
		{C1BCEC3E-6074-4328-B5D9-391A457C8FFB}.Release (Standalone)|x86.ActiveCfg = Release|x86
		{C1BCEC3E-6074-4328-B5D9-391A457C8FFB}.Release (Standalone)|x86.Build.0 = Release|x86
		{C1BCEC3E-6074-4328-B5D9-391A457C8FFB}.Release|Any CPU.ActiveCfg = Release|Any CPU
		{C1BCEC3E-6074-4328-B5D9-391A457C8FFB}.Release|Mixed Platforms.ActiveCfg = Release|x86
		{C1BCEC3E-6074-4328-B5D9-391A457C8FFB}.Release|Mixed Platforms.Build.0 = Release|x86
		{C1BCEC3E-6074-4328-B5D9-391A457C8FFB}.Release|x86.ActiveCfg = Release|x86
		{C1BCEC3E-6074-4328-B5D9-391A457C8FFB}.UseCaptureCardDefinitions|Any CPU.ActiveCfg = UseCaptureCardDefinitions|Any CPU
		{C1BCEC3E-6074-4328-B5D9-391A457C8FFB}.UseCaptureCardDefinitions|Any CPU.Build.0 = UseCaptureCardDefinitions|Any CPU
		{C1BCEC3E-6074-4328-B5D9-391A457C8FFB}.UseCaptureCardDefinitions|Mixed Platforms.ActiveCfg = UseCaptureCardDefinitions|x86
		{C1BCEC3E-6074-4328-B5D9-391A457C8FFB}.UseCaptureCardDefinitions|Mixed Platforms.Build.0 = UseCaptureCardDefinitions|x86
		{C1BCEC3E-6074-4328-B5D9-391A457C8FFB}.UseCaptureCardDefinitions|x86.ActiveCfg = UseCaptureCardDefinitions|x86
		{C1BCEC3E-6074-4328-B5D9-391A457C8FFB}.UseCaptureCardDefinitions|x86.Build.0 = UseCaptureCardDefinitions|x86
		{C1BCEC3E-6074-4328-B5D9-391A457C8FFB}.UseCaptureDefintionsRelease|Any CPU.ActiveCfg = UseCaptureDefintionsRelease|Any CPU
		{C1BCEC3E-6074-4328-B5D9-391A457C8FFB}.UseCaptureDefintionsRelease|Any CPU.Build.0 = UseCaptureDefintionsRelease|Any CPU
		{C1BCEC3E-6074-4328-B5D9-391A457C8FFB}.UseCaptureDefintionsRelease|Mixed Platforms.ActiveCfg = UseCaptureDefintionsRelease|x86
		{C1BCEC3E-6074-4328-B5D9-391A457C8FFB}.UseCaptureDefintionsRelease|Mixed Platforms.Build.0 = UseCaptureDefintionsRelease|x86
		{C1BCEC3E-6074-4328-B5D9-391A457C8FFB}.UseCaptureDefintionsRelease|x86.ActiveCfg = UseCaptureDefintionsRelease|x86
		{C1BCEC3E-6074-4328-B5D9-391A457C8FFB}.UseCaptureDefintionsRelease|x86.Build.0 = UseCaptureDefintionsRelease|x86
		{396C5208-5D46-4A11-92C1-FD0F2F42D7DD}.Debug|Any CPU.ActiveCfg = Debug|Any CPU
		{396C5208-5D46-4A11-92C1-FD0F2F42D7DD}.Debug|Mixed Platforms.ActiveCfg = Debug|x86
		{396C5208-5D46-4A11-92C1-FD0F2F42D7DD}.Debug|Mixed Platforms.Build.0 = Debug|x86
		{396C5208-5D46-4A11-92C1-FD0F2F42D7DD}.Debug|x86.ActiveCfg = Debug|x86
		{396C5208-5D46-4A11-92C1-FD0F2F42D7DD}.Debug|x86.Build.0 = Debug|x86
		{396C5208-5D46-4A11-92C1-FD0F2F42D7DD}.Release (Standalone)|Any CPU.ActiveCfg = Release|x86
		{396C5208-5D46-4A11-92C1-FD0F2F42D7DD}.Release (Standalone)|Mixed Platforms.ActiveCfg = Release|x86
		{396C5208-5D46-4A11-92C1-FD0F2F42D7DD}.Release (Standalone)|Mixed Platforms.Build.0 = Release|x86
		{396C5208-5D46-4A11-92C1-FD0F2F42D7DD}.Release (Standalone)|x86.ActiveCfg = Release|x86
		{396C5208-5D46-4A11-92C1-FD0F2F42D7DD}.Release (Standalone)|x86.Build.0 = Release|x86
		{396C5208-5D46-4A11-92C1-FD0F2F42D7DD}.Release|Any CPU.ActiveCfg = Release|Any CPU
		{396C5208-5D46-4A11-92C1-FD0F2F42D7DD}.Release|Mixed Platforms.ActiveCfg = Release|x86
		{396C5208-5D46-4A11-92C1-FD0F2F42D7DD}.Release|Mixed Platforms.Build.0 = Release|x86
		{396C5208-5D46-4A11-92C1-FD0F2F42D7DD}.Release|x86.ActiveCfg = Release|x86
		{396C5208-5D46-4A11-92C1-FD0F2F42D7DD}.UseCaptureCardDefinitions|Any CPU.ActiveCfg = Release|x86
		{396C5208-5D46-4A11-92C1-FD0F2F42D7DD}.UseCaptureCardDefinitions|Mixed Platforms.ActiveCfg = Release|x86
		{396C5208-5D46-4A11-92C1-FD0F2F42D7DD}.UseCaptureCardDefinitions|Mixed Platforms.Build.0 = Release|x86
		{396C5208-5D46-4A11-92C1-FD0F2F42D7DD}.UseCaptureCardDefinitions|x86.ActiveCfg = Release|x86
		{396C5208-5D46-4A11-92C1-FD0F2F42D7DD}.UseCaptureCardDefinitions|x86.Build.0 = Release|x86
		{396C5208-5D46-4A11-92C1-FD0F2F42D7DD}.UseCaptureDefintionsRelease|Any CPU.ActiveCfg = Release|Any CPU
		{396C5208-5D46-4A11-92C1-FD0F2F42D7DD}.UseCaptureDefintionsRelease|Any CPU.Build.0 = Release|Any CPU
		{396C5208-5D46-4A11-92C1-FD0F2F42D7DD}.UseCaptureDefintionsRelease|Mixed Platforms.ActiveCfg = Release|x86
		{396C5208-5D46-4A11-92C1-FD0F2F42D7DD}.UseCaptureDefintionsRelease|Mixed Platforms.Build.0 = Release|x86
		{396C5208-5D46-4A11-92C1-FD0F2F42D7DD}.UseCaptureDefintionsRelease|x86.ActiveCfg = Release|x86
		{396C5208-5D46-4A11-92C1-FD0F2F42D7DD}.UseCaptureDefintionsRelease|x86.Build.0 = Release|x86
		{BD4A3413-C9F9-4299-BB52-ED45027EE7CC}.Debug|Any CPU.ActiveCfg = Debug|Any CPU
		{BD4A3413-C9F9-4299-BB52-ED45027EE7CC}.Debug|Mixed Platforms.ActiveCfg = Debug|x86
		{BD4A3413-C9F9-4299-BB52-ED45027EE7CC}.Debug|Mixed Platforms.Build.0 = Debug|x86
		{BD4A3413-C9F9-4299-BB52-ED45027EE7CC}.Debug|x86.ActiveCfg = Debug|x86
		{BD4A3413-C9F9-4299-BB52-ED45027EE7CC}.Debug|x86.Build.0 = Debug|x86
		{BD4A3413-C9F9-4299-BB52-ED45027EE7CC}.Release (Standalone)|Any CPU.ActiveCfg = Release|x86
		{BD4A3413-C9F9-4299-BB52-ED45027EE7CC}.Release (Standalone)|Mixed Platforms.ActiveCfg = Release|x86
		{BD4A3413-C9F9-4299-BB52-ED45027EE7CC}.Release (Standalone)|Mixed Platforms.Build.0 = Release|x86
		{BD4A3413-C9F9-4299-BB52-ED45027EE7CC}.Release (Standalone)|x86.ActiveCfg = Release|x86
		{BD4A3413-C9F9-4299-BB52-ED45027EE7CC}.Release (Standalone)|x86.Build.0 = Release|x86
		{BD4A3413-C9F9-4299-BB52-ED45027EE7CC}.Release|Any CPU.ActiveCfg = Release|Any CPU
		{BD4A3413-C9F9-4299-BB52-ED45027EE7CC}.Release|Mixed Platforms.ActiveCfg = Release|x86
		{BD4A3413-C9F9-4299-BB52-ED45027EE7CC}.Release|Mixed Platforms.Build.0 = Release|x86
		{BD4A3413-C9F9-4299-BB52-ED45027EE7CC}.Release|x86.ActiveCfg = Release|x86
		{BD4A3413-C9F9-4299-BB52-ED45027EE7CC}.UseCaptureCardDefinitions|Any CPU.ActiveCfg = Release|x86
		{BD4A3413-C9F9-4299-BB52-ED45027EE7CC}.UseCaptureCardDefinitions|Mixed Platforms.ActiveCfg = Release|x86
		{BD4A3413-C9F9-4299-BB52-ED45027EE7CC}.UseCaptureCardDefinitions|Mixed Platforms.Build.0 = Release|x86
		{BD4A3413-C9F9-4299-BB52-ED45027EE7CC}.UseCaptureCardDefinitions|x86.ActiveCfg = Release|x86
		{BD4A3413-C9F9-4299-BB52-ED45027EE7CC}.UseCaptureCardDefinitions|x86.Build.0 = Release|x86
		{BD4A3413-C9F9-4299-BB52-ED45027EE7CC}.UseCaptureDefintionsRelease|Any CPU.ActiveCfg = Release|Any CPU
		{BD4A3413-C9F9-4299-BB52-ED45027EE7CC}.UseCaptureDefintionsRelease|Any CPU.Build.0 = Release|Any CPU
		{BD4A3413-C9F9-4299-BB52-ED45027EE7CC}.UseCaptureDefintionsRelease|Mixed Platforms.ActiveCfg = Release|x86
		{BD4A3413-C9F9-4299-BB52-ED45027EE7CC}.UseCaptureDefintionsRelease|Mixed Platforms.Build.0 = Release|x86
		{BD4A3413-C9F9-4299-BB52-ED45027EE7CC}.UseCaptureDefintionsRelease|x86.ActiveCfg = Release|x86
		{BD4A3413-C9F9-4299-BB52-ED45027EE7CC}.UseCaptureDefintionsRelease|x86.Build.0 = Release|x86
		{0A234721-1F13-4DF8-9B1E-64D9E3111203}.Debug|Any CPU.ActiveCfg = Debug|Any CPU
		{0A234721-1F13-4DF8-9B1E-64D9E3111203}.Debug|Mixed Platforms.ActiveCfg = Debug|x86
		{0A234721-1F13-4DF8-9B1E-64D9E3111203}.Debug|Mixed Platforms.Build.0 = Debug|x86
		{0A234721-1F13-4DF8-9B1E-64D9E3111203}.Debug|x86.ActiveCfg = Debug|x86
		{0A234721-1F13-4DF8-9B1E-64D9E3111203}.Debug|x86.Build.0 = Debug|x86
		{0A234721-1F13-4DF8-9B1E-64D9E3111203}.Release (Standalone)|Any CPU.ActiveCfg = Release|x86
		{0A234721-1F13-4DF8-9B1E-64D9E3111203}.Release (Standalone)|Mixed Platforms.ActiveCfg = Release|x86
		{0A234721-1F13-4DF8-9B1E-64D9E3111203}.Release (Standalone)|Mixed Platforms.Build.0 = Release|x86
		{0A234721-1F13-4DF8-9B1E-64D9E3111203}.Release (Standalone)|x86.ActiveCfg = Release|x86
		{0A234721-1F13-4DF8-9B1E-64D9E3111203}.Release (Standalone)|x86.Build.0 = Release|x86
		{0A234721-1F13-4DF8-9B1E-64D9E3111203}.Release|Any CPU.ActiveCfg = Release|Any CPU
		{0A234721-1F13-4DF8-9B1E-64D9E3111203}.Release|Mixed Platforms.ActiveCfg = Release|x86
		{0A234721-1F13-4DF8-9B1E-64D9E3111203}.Release|Mixed Platforms.Build.0 = Release|x86
		{0A234721-1F13-4DF8-9B1E-64D9E3111203}.Release|x86.ActiveCfg = Release|x86
		{0A234721-1F13-4DF8-9B1E-64D9E3111203}.UseCaptureCardDefinitions|Any CPU.ActiveCfg = Release|x86
		{0A234721-1F13-4DF8-9B1E-64D9E3111203}.UseCaptureCardDefinitions|Mixed Platforms.ActiveCfg = Release|x86
		{0A234721-1F13-4DF8-9B1E-64D9E3111203}.UseCaptureCardDefinitions|Mixed Platforms.Build.0 = Release|x86
		{0A234721-1F13-4DF8-9B1E-64D9E3111203}.UseCaptureCardDefinitions|x86.ActiveCfg = Release|x86
		{0A234721-1F13-4DF8-9B1E-64D9E3111203}.UseCaptureCardDefinitions|x86.Build.0 = Release|x86
		{0A234721-1F13-4DF8-9B1E-64D9E3111203}.UseCaptureDefintionsRelease|Any CPU.ActiveCfg = Release|Any CPU
		{0A234721-1F13-4DF8-9B1E-64D9E3111203}.UseCaptureDefintionsRelease|Any CPU.Build.0 = Release|Any CPU
		{0A234721-1F13-4DF8-9B1E-64D9E3111203}.UseCaptureDefintionsRelease|Mixed Platforms.ActiveCfg = Release|x86
		{0A234721-1F13-4DF8-9B1E-64D9E3111203}.UseCaptureDefintionsRelease|Mixed Platforms.Build.0 = Release|x86
		{0A234721-1F13-4DF8-9B1E-64D9E3111203}.UseCaptureDefintionsRelease|x86.ActiveCfg = Release|x86
		{0A234721-1F13-4DF8-9B1E-64D9E3111203}.UseCaptureDefintionsRelease|x86.Build.0 = Release|x86
		{6DA0E4DF-6230-4642-98B5-E690BB6942BB}.Debug|Any CPU.ActiveCfg = Debug|Any CPU
		{6DA0E4DF-6230-4642-98B5-E690BB6942BB}.Debug|Mixed Platforms.ActiveCfg = Debug|x86
		{6DA0E4DF-6230-4642-98B5-E690BB6942BB}.Debug|Mixed Platforms.Build.0 = Debug|x86
		{6DA0E4DF-6230-4642-98B5-E690BB6942BB}.Debug|x86.ActiveCfg = Debug|x86
		{6DA0E4DF-6230-4642-98B5-E690BB6942BB}.Debug|x86.Build.0 = Debug|x86
		{6DA0E4DF-6230-4642-98B5-E690BB6942BB}.Release (Standalone)|Any CPU.ActiveCfg = Release|x86
		{6DA0E4DF-6230-4642-98B5-E690BB6942BB}.Release (Standalone)|Mixed Platforms.ActiveCfg = Release|x86
		{6DA0E4DF-6230-4642-98B5-E690BB6942BB}.Release (Standalone)|Mixed Platforms.Build.0 = Release|x86
		{6DA0E4DF-6230-4642-98B5-E690BB6942BB}.Release (Standalone)|x86.ActiveCfg = Release|x86
		{6DA0E4DF-6230-4642-98B5-E690BB6942BB}.Release (Standalone)|x86.Build.0 = Release|x86
		{6DA0E4DF-6230-4642-98B5-E690BB6942BB}.Release|Any CPU.ActiveCfg = Release|Any CPU
		{6DA0E4DF-6230-4642-98B5-E690BB6942BB}.Release|Mixed Platforms.ActiveCfg = Release|x86
		{6DA0E4DF-6230-4642-98B5-E690BB6942BB}.Release|Mixed Platforms.Build.0 = Release|x86
		{6DA0E4DF-6230-4642-98B5-E690BB6942BB}.Release|x86.ActiveCfg = Release|x86
		{6DA0E4DF-6230-4642-98B5-E690BB6942BB}.UseCaptureCardDefinitions|Any CPU.ActiveCfg = Release|x86
		{6DA0E4DF-6230-4642-98B5-E690BB6942BB}.UseCaptureCardDefinitions|Mixed Platforms.ActiveCfg = Release|x86
		{6DA0E4DF-6230-4642-98B5-E690BB6942BB}.UseCaptureCardDefinitions|Mixed Platforms.Build.0 = Release|x86
		{6DA0E4DF-6230-4642-98B5-E690BB6942BB}.UseCaptureCardDefinitions|x86.ActiveCfg = Release|x86
		{6DA0E4DF-6230-4642-98B5-E690BB6942BB}.UseCaptureCardDefinitions|x86.Build.0 = Release|x86
		{6DA0E4DF-6230-4642-98B5-E690BB6942BB}.UseCaptureDefintionsRelease|Any CPU.ActiveCfg = Release|Any CPU
		{6DA0E4DF-6230-4642-98B5-E690BB6942BB}.UseCaptureDefintionsRelease|Any CPU.Build.0 = Release|Any CPU
		{6DA0E4DF-6230-4642-98B5-E690BB6942BB}.UseCaptureDefintionsRelease|Mixed Platforms.ActiveCfg = Release|x86
		{6DA0E4DF-6230-4642-98B5-E690BB6942BB}.UseCaptureDefintionsRelease|Mixed Platforms.Build.0 = Release|x86
		{6DA0E4DF-6230-4642-98B5-E690BB6942BB}.UseCaptureDefintionsRelease|x86.ActiveCfg = Release|x86
		{6DA0E4DF-6230-4642-98B5-E690BB6942BB}.UseCaptureDefintionsRelease|x86.Build.0 = Release|x86
		{CE009BFA-5EF6-4153-B2A1-2FA79698A9AE}.Debug|Any CPU.ActiveCfg = Debug|Any CPU
		{CE009BFA-5EF6-4153-B2A1-2FA79698A9AE}.Debug|Mixed Platforms.ActiveCfg = Debug|x86
		{CE009BFA-5EF6-4153-B2A1-2FA79698A9AE}.Debug|Mixed Platforms.Build.0 = Debug|x86
		{CE009BFA-5EF6-4153-B2A1-2FA79698A9AE}.Debug|x86.ActiveCfg = Debug|x86
		{CE009BFA-5EF6-4153-B2A1-2FA79698A9AE}.Debug|x86.Build.0 = Debug|x86
		{CE009BFA-5EF6-4153-B2A1-2FA79698A9AE}.Release (Standalone)|Any CPU.ActiveCfg = Release|x86
		{CE009BFA-5EF6-4153-B2A1-2FA79698A9AE}.Release (Standalone)|Mixed Platforms.ActiveCfg = Release|x86
		{CE009BFA-5EF6-4153-B2A1-2FA79698A9AE}.Release (Standalone)|Mixed Platforms.Build.0 = Release|x86
		{CE009BFA-5EF6-4153-B2A1-2FA79698A9AE}.Release (Standalone)|x86.ActiveCfg = Release|x86
		{CE009BFA-5EF6-4153-B2A1-2FA79698A9AE}.Release (Standalone)|x86.Build.0 = Release|x86
		{CE009BFA-5EF6-4153-B2A1-2FA79698A9AE}.Release|Any CPU.ActiveCfg = Release|Any CPU
		{CE009BFA-5EF6-4153-B2A1-2FA79698A9AE}.Release|Mixed Platforms.ActiveCfg = Release|x86
		{CE009BFA-5EF6-4153-B2A1-2FA79698A9AE}.Release|Mixed Platforms.Build.0 = Release|x86
		{CE009BFA-5EF6-4153-B2A1-2FA79698A9AE}.Release|x86.ActiveCfg = Release|x86
		{CE009BFA-5EF6-4153-B2A1-2FA79698A9AE}.UseCaptureCardDefinitions|Any CPU.ActiveCfg = Release|x86
		{CE009BFA-5EF6-4153-B2A1-2FA79698A9AE}.UseCaptureCardDefinitions|Mixed Platforms.ActiveCfg = Release|x86
		{CE009BFA-5EF6-4153-B2A1-2FA79698A9AE}.UseCaptureCardDefinitions|Mixed Platforms.Build.0 = Release|x86
		{CE009BFA-5EF6-4153-B2A1-2FA79698A9AE}.UseCaptureCardDefinitions|x86.ActiveCfg = Release|x86
		{CE009BFA-5EF6-4153-B2A1-2FA79698A9AE}.UseCaptureCardDefinitions|x86.Build.0 = Release|x86
		{CE009BFA-5EF6-4153-B2A1-2FA79698A9AE}.UseCaptureDefintionsRelease|Any CPU.ActiveCfg = Release|Any CPU
		{CE009BFA-5EF6-4153-B2A1-2FA79698A9AE}.UseCaptureDefintionsRelease|Any CPU.Build.0 = Release|Any CPU
		{CE009BFA-5EF6-4153-B2A1-2FA79698A9AE}.UseCaptureDefintionsRelease|Mixed Platforms.ActiveCfg = Release|x86
		{CE009BFA-5EF6-4153-B2A1-2FA79698A9AE}.UseCaptureDefintionsRelease|Mixed Platforms.Build.0 = Release|x86
		{CE009BFA-5EF6-4153-B2A1-2FA79698A9AE}.UseCaptureDefintionsRelease|x86.ActiveCfg = Release|x86
		{CE009BFA-5EF6-4153-B2A1-2FA79698A9AE}.UseCaptureDefintionsRelease|x86.Build.0 = Release|x86
		{A983AA7A-DE3C-4587-9416-22373A35B721}.Debug|Any CPU.ActiveCfg = Debug|Any CPU
		{A983AA7A-DE3C-4587-9416-22373A35B721}.Debug|Mixed Platforms.ActiveCfg = Debug|x86
		{A983AA7A-DE3C-4587-9416-22373A35B721}.Debug|Mixed Platforms.Build.0 = Debug|x86
		{A983AA7A-DE3C-4587-9416-22373A35B721}.Debug|x86.ActiveCfg = Debug|x86
		{A983AA7A-DE3C-4587-9416-22373A35B721}.Debug|x86.Build.0 = Debug|x86
		{A983AA7A-DE3C-4587-9416-22373A35B721}.Release (Standalone)|Any CPU.ActiveCfg = Release|x86
		{A983AA7A-DE3C-4587-9416-22373A35B721}.Release (Standalone)|Mixed Platforms.ActiveCfg = Release|x86
		{A983AA7A-DE3C-4587-9416-22373A35B721}.Release (Standalone)|Mixed Platforms.Build.0 = Release|x86
		{A983AA7A-DE3C-4587-9416-22373A35B721}.Release (Standalone)|x86.ActiveCfg = Release|x86
		{A983AA7A-DE3C-4587-9416-22373A35B721}.Release (Standalone)|x86.Build.0 = Release|x86
		{A983AA7A-DE3C-4587-9416-22373A35B721}.Release|Any CPU.ActiveCfg = Release|Any CPU
		{A983AA7A-DE3C-4587-9416-22373A35B721}.Release|Mixed Platforms.ActiveCfg = Release|x86
		{A983AA7A-DE3C-4587-9416-22373A35B721}.Release|Mixed Platforms.Build.0 = Release|x86
		{A983AA7A-DE3C-4587-9416-22373A35B721}.Release|x86.ActiveCfg = Release|x86
		{A983AA7A-DE3C-4587-9416-22373A35B721}.UseCaptureCardDefinitions|Any CPU.ActiveCfg = Release|x86
		{A983AA7A-DE3C-4587-9416-22373A35B721}.UseCaptureCardDefinitions|Mixed Platforms.ActiveCfg = Release|x86
		{A983AA7A-DE3C-4587-9416-22373A35B721}.UseCaptureCardDefinitions|Mixed Platforms.Build.0 = Release|x86
		{A983AA7A-DE3C-4587-9416-22373A35B721}.UseCaptureCardDefinitions|x86.ActiveCfg = Release|x86
		{A983AA7A-DE3C-4587-9416-22373A35B721}.UseCaptureCardDefinitions|x86.Build.0 = Release|x86
		{A983AA7A-DE3C-4587-9416-22373A35B721}.UseCaptureDefintionsRelease|Any CPU.ActiveCfg = Release|Any CPU
		{A983AA7A-DE3C-4587-9416-22373A35B721}.UseCaptureDefintionsRelease|Any CPU.Build.0 = Release|Any CPU
		{A983AA7A-DE3C-4587-9416-22373A35B721}.UseCaptureDefintionsRelease|Mixed Platforms.ActiveCfg = Release|x86
		{A983AA7A-DE3C-4587-9416-22373A35B721}.UseCaptureDefintionsRelease|Mixed Platforms.Build.0 = Release|x86
		{A983AA7A-DE3C-4587-9416-22373A35B721}.UseCaptureDefintionsRelease|x86.ActiveCfg = Release|x86
		{A983AA7A-DE3C-4587-9416-22373A35B721}.UseCaptureDefintionsRelease|x86.Build.0 = Release|x86
		{14201B8D-31C3-4FB5-9356-9485676C147B}.Debug|Any CPU.ActiveCfg = Debug|x86
		{14201B8D-31C3-4FB5-9356-9485676C147B}.Debug|Any CPU.Build.0 = Debug|x86
		{14201B8D-31C3-4FB5-9356-9485676C147B}.Debug|Mixed Platforms.ActiveCfg = Debug|x86
		{14201B8D-31C3-4FB5-9356-9485676C147B}.Debug|Mixed Platforms.Build.0 = Debug|x86
		{14201B8D-31C3-4FB5-9356-9485676C147B}.Debug|x86.ActiveCfg = Debug|x86
		{14201B8D-31C3-4FB5-9356-9485676C147B}.Debug|x86.Build.0 = Debug|x86
		{14201B8D-31C3-4FB5-9356-9485676C147B}.Release (Standalone)|Any CPU.ActiveCfg = Release|x86
		{14201B8D-31C3-4FB5-9356-9485676C147B}.Release (Standalone)|Mixed Platforms.ActiveCfg = Release|x86
		{14201B8D-31C3-4FB5-9356-9485676C147B}.Release (Standalone)|Mixed Platforms.Build.0 = Release|x86
		{14201B8D-31C3-4FB5-9356-9485676C147B}.Release (Standalone)|x86.ActiveCfg = Release|x86
		{14201B8D-31C3-4FB5-9356-9485676C147B}.Release (Standalone)|x86.Build.0 = Release|x86
		{14201B8D-31C3-4FB5-9356-9485676C147B}.Release|Any CPU.ActiveCfg = Release|Any CPU
		{14201B8D-31C3-4FB5-9356-9485676C147B}.Release|Mixed Platforms.ActiveCfg = Release|x86
		{14201B8D-31C3-4FB5-9356-9485676C147B}.Release|Mixed Platforms.Build.0 = Release|x86
		{14201B8D-31C3-4FB5-9356-9485676C147B}.Release|x86.ActiveCfg = Release|x86
		{14201B8D-31C3-4FB5-9356-9485676C147B}.UseCaptureCardDefinitions|Any CPU.ActiveCfg = Release|x86
		{14201B8D-31C3-4FB5-9356-9485676C147B}.UseCaptureCardDefinitions|Mixed Platforms.ActiveCfg = Release|x86
		{14201B8D-31C3-4FB5-9356-9485676C147B}.UseCaptureCardDefinitions|Mixed Platforms.Build.0 = Release|x86
		{14201B8D-31C3-4FB5-9356-9485676C147B}.UseCaptureCardDefinitions|x86.ActiveCfg = Release|x86
		{14201B8D-31C3-4FB5-9356-9485676C147B}.UseCaptureCardDefinitions|x86.Build.0 = Release|x86
		{14201B8D-31C3-4FB5-9356-9485676C147B}.UseCaptureDefintionsRelease|Any CPU.ActiveCfg = Release|Any CPU
		{14201B8D-31C3-4FB5-9356-9485676C147B}.UseCaptureDefintionsRelease|Any CPU.Build.0 = Release|Any CPU
		{14201B8D-31C3-4FB5-9356-9485676C147B}.UseCaptureDefintionsRelease|Mixed Platforms.ActiveCfg = Release|x86
		{14201B8D-31C3-4FB5-9356-9485676C147B}.UseCaptureDefintionsRelease|Mixed Platforms.Build.0 = Release|x86
		{14201B8D-31C3-4FB5-9356-9485676C147B}.UseCaptureDefintionsRelease|x86.ActiveCfg = Release|x86
		{14201B8D-31C3-4FB5-9356-9485676C147B}.UseCaptureDefintionsRelease|x86.Build.0 = Release|x86
		{75EBA361-8137-4107-A5B5-753CE959983B}.Debug|Any CPU.ActiveCfg = Debug|Any CPU
		{75EBA361-8137-4107-A5B5-753CE959983B}.Debug|Any CPU.Build.0 = Debug|Any CPU
		{75EBA361-8137-4107-A5B5-753CE959983B}.Debug|Mixed Platforms.ActiveCfg = Debug|Any CPU
		{75EBA361-8137-4107-A5B5-753CE959983B}.Debug|Mixed Platforms.Build.0 = Debug|Any CPU
		{75EBA361-8137-4107-A5B5-753CE959983B}.Debug|x86.ActiveCfg = Debug|Any CPU
		{75EBA361-8137-4107-A5B5-753CE959983B}.Release (Standalone)|Any CPU.ActiveCfg = Release|Any CPU
		{75EBA361-8137-4107-A5B5-753CE959983B}.Release (Standalone)|Any CPU.Build.0 = Release|Any CPU
		{75EBA361-8137-4107-A5B5-753CE959983B}.Release (Standalone)|Mixed Platforms.ActiveCfg = Release|Any CPU
		{75EBA361-8137-4107-A5B5-753CE959983B}.Release (Standalone)|Mixed Platforms.Build.0 = Release|Any CPU
		{75EBA361-8137-4107-A5B5-753CE959983B}.Release (Standalone)|x86.ActiveCfg = Release|Any CPU
		{75EBA361-8137-4107-A5B5-753CE959983B}.Release|Any CPU.ActiveCfg = Release|Any CPU
		{75EBA361-8137-4107-A5B5-753CE959983B}.Release|Mixed Platforms.ActiveCfg = Release|x86
		{75EBA361-8137-4107-A5B5-753CE959983B}.Release|Mixed Platforms.Build.0 = Release|x86
		{75EBA361-8137-4107-A5B5-753CE959983B}.Release|x86.ActiveCfg = Release|Any CPU
		{75EBA361-8137-4107-A5B5-753CE959983B}.UseCaptureCardDefinitions|Any CPU.ActiveCfg = Release|Any CPU
		{75EBA361-8137-4107-A5B5-753CE959983B}.UseCaptureCardDefinitions|Any CPU.Build.0 = Release|Any CPU
		{75EBA361-8137-4107-A5B5-753CE959983B}.UseCaptureCardDefinitions|Mixed Platforms.ActiveCfg = Release|Any CPU
		{75EBA361-8137-4107-A5B5-753CE959983B}.UseCaptureCardDefinitions|Mixed Platforms.Build.0 = Release|Any CPU
		{75EBA361-8137-4107-A5B5-753CE959983B}.UseCaptureCardDefinitions|x86.ActiveCfg = Release|Any CPU
		{75EBA361-8137-4107-A5B5-753CE959983B}.UseCaptureDefintionsRelease|Any CPU.ActiveCfg = Release|Any CPU
		{75EBA361-8137-4107-A5B5-753CE959983B}.UseCaptureDefintionsRelease|Any CPU.Build.0 = Release|Any CPU
		{75EBA361-8137-4107-A5B5-753CE959983B}.UseCaptureDefintionsRelease|Mixed Platforms.ActiveCfg = Release|Any CPU
		{75EBA361-8137-4107-A5B5-753CE959983B}.UseCaptureDefintionsRelease|Mixed Platforms.Build.0 = Release|Any CPU
		{75EBA361-8137-4107-A5B5-753CE959983B}.UseCaptureDefintionsRelease|x86.ActiveCfg = Release|Any CPU
	EndGlobalSection
	GlobalSection(SolutionProperties) = preSolution
		HideSolutionNode = FALSE
	EndGlobalSection
EndGlobal
