
Microsoft Visual Studio Solution File, Format Version 12.00
# Visual Studio Version 16
VisualStudioVersion = 16.0.30717.126
MinimumVisualStudioVersion = 10.0.40219.1
Project("{FAE04EC0-301F-11D3-BF4B-00C04F79EFBC}") = "mvCentral", "mvCentral\mvCentral.csproj", "{EECF8509-9C9C-4AA6-A4B4-898C9399FA5D}"
EndProject
Global
	GlobalSection(SolutionConfigurationPlatforms) = preSolution
		Debug|AnyCPU = Debug|AnyCPU
		Release|AnyCPU = Release|AnyCPU
	EndGlobalSection
	GlobalSection(ProjectConfigurationPlatforms) = postSolution
		{EECF8509-9C9C-4AA6-A4B4-898C9399FA5D}.Debug|AnyCPU.ActiveCfg = Debug|Any CPU
		{EECF8509-9C9C-4AA6-A4B4-898C9399FA5D}.Debug|AnyCPU.Build.0 = Debug|Any CPU
		{EECF8509-9C9C-4AA6-A4B4-898C9399FA5D}.Release|AnyCPU.ActiveCfg = Release|Any CPU
		{EECF8509-9C9C-4AA6-A4B4-898C9399FA5D}.Release|AnyCPU.Build.0 = Release|Any CPU
	EndGlobalSection
	GlobalSection(SolutionProperties) = preSolution
		HideSolutionNode = FALSE
	EndGlobalSection
	GlobalSection(ExtensibilityGlobals) = postSolution
		SolutionGuid = {7216EFAB-6B6B-4853-9B11-396AFC4D5BB8}
	EndGlobalSection
EndGlobal
